
Microsoft Visual Studio Solution File, Format Version 12.00
# Visual Studio Version 17
VisualStudioVersion = 17.11.35312.102
MinimumVisualStudioVersion = 10.0.40219.1
Project("{9A19103F-16F7-4668-BE54-9A1E7A4F7556}") = "Bookstorezin", "Bookstorezin.csproj", "{5524F3F9-C0B3-41F5-8451-ED24A5C62AD0}"
EndProject
Project("{9A19103F-16F7-4668-BE54-9A1E7A4F7556}") = "Bookstore.DataAccess", "..\Bookstore.DataAccess\Bookstore.DataAccess.csproj", "{D1F8EB0F-FBFE-4607-AE78-F73E0F34F0BB}"
EndProject
Project("{9A19103F-16F7-4668-BE54-9A1E7A4F7556}") = "Bookstore.Models", "..\Bookstore.Models\Bookstore.Models.csproj", "{28B52C6F-40F0-4A75-8E48-393BB76CA936}"
EndProject
Project("{9A19103F-16F7-4668-BE54-9A1E7A4F7556}") = "Bookstore.Utility", "..\Bookstore.Utility\Bookstore.Utility.csproj", "{7FB8052E-DD90-41E6-ABBE-F95186584E57}"
EndProject
Global
	GlobalSection(SolutionConfigurationPlatforms) = preSolution
		Debug|Any CPU = Debug|Any CPU
		Release|Any CPU = Release|Any CPU
	EndGlobalSection
	GlobalSection(ProjectConfigurationPlatforms) = postSolution
		{5524F3F9-C0B3-41F5-8451-ED24A5C62AD0}.Debug|Any CPU.ActiveCfg = Debug|Any CPU
		{5524F3F9-C0B3-41F5-8451-ED24A5C62AD0}.Debug|Any CPU.Build.0 = Debug|Any CPU
		{5524F3F9-C0B3-41F5-8451-ED24A5C62AD0}.Release|Any CPU.ActiveCfg = Release|Any CPU
		{5524F3F9-C0B3-41F5-8451-ED24A5C62AD0}.Release|Any CPU.Build.0 = Release|Any CPU
		{D1F8EB0F-FBFE-4607-AE78-F73E0F34F0BB}.Debug|Any CPU.ActiveCfg = Debug|Any CPU
		{D1F8EB0F-FBFE-4607-AE78-F73E0F34F0BB}.Debug|Any CPU.Build.0 = Debug|Any CPU
		{D1F8EB0F-FBFE-4607-AE78-F73E0F34F0BB}.Release|Any CPU.ActiveCfg = Release|Any CPU
		{D1F8EB0F-FBFE-4607-AE78-F73E0F34F0BB}.Release|Any CPU.Build.0 = Release|Any CPU
		{28B52C6F-40F0-4A75-8E48-393BB76CA936}.Debug|Any CPU.ActiveCfg = Debug|Any CPU
		{28B52C6F-40F0-4A75-8E48-393BB76CA936}.Debug|Any CPU.Build.0 = Debug|Any CPU
		{28B52C6F-40F0-4A75-8E48-393BB76CA936}.Release|Any CPU.ActiveCfg = Release|Any CPU
		{28B52C6F-40F0-4A75-8E48-393BB76CA936}.Release|Any CPU.Build.0 = Release|Any CPU
		{7FB8052E-DD90-41E6-ABBE-F95186584E57}.Debug|Any CPU.ActiveCfg = Debug|Any CPU
		{7FB8052E-DD90-41E6-ABBE-F95186584E57}.Debug|Any CPU.Build.0 = Debug|Any CPU
		{7FB8052E-DD90-41E6-ABBE-F95186584E57}.Release|Any CPU.ActiveCfg = Release|Any CPU
		{7FB8052E-DD90-41E6-ABBE-F95186584E57}.Release|Any CPU.Build.0 = Release|Any CPU
	EndGlobalSection
	GlobalSection(SolutionProperties) = preSolution
		HideSolutionNode = FALSE
	EndGlobalSection
	GlobalSection(ExtensibilityGlobals) = postSolution
		SolutionGuid = {1A22A263-C503-4170-9A56-384B1EBFC967}
	EndGlobalSection
EndGlobal
